{
  "requires": true,
  "lockfileVersion": 1,
  "dependencies": {
    "date-and-time": {
      "version": "2.0.0",
      "resolved": "https://registry.npmjs.org/date-and-time/-/date-and-time-2.0.0.tgz",
      "integrity": "sha512-HJSzj25iPm8E01nt+rSmCIlwjsmjvKfUivG/kXBglpymcHF1FolWAqWwTEV4FvN1Lx5UjPf0J1W4H8yQsVBfFg=="
    }
  }
}
